#MicroXplorer Configuration settings - do not modify
Mcu.Family=STM32F4
ProjectManager.MainLocation=Core/Src
PA6.Mode=Full_Duplex_Master
USB_DEVICE.CLASS_NAME_FS=CUSTOM_HID
RCC.CortexFreq_Value=16000000
ProjectManager.KeepUserCode=true
Mcu.UserName=STM32F401CCUx
SPI1.VirtualType=VM_MASTER
PB10.Mode=I2C
RCC.PLLCLKFreq_Value=72000000
PB14.GPIO_Label=TC_VEN
RCC.PLLQCLKFreq_Value=48000000
VP_USB_DEVICE_VS_USB_DEVICE_CUSTOM_HID_FS.Mode=CUSTOM_HID_FS
ProjectManager.functionlistsort=1-MX_GPIO_Init-GPIO-false-HAL-true,2-SystemClock_Config-RCC-false-HAL-false,3-MX_I2C1_Init-I2C1-false-HAL-true,4-MX_USART1_UART_Init-USART1-false-HAL-true,5-MX_SPI1_Init-SPI1-false-HAL-true,6-MX_I2C2_Init-I2C2-false-HAL-true,7-MX_USB_DEVICE_Init-USB_DEVICE-false-HAL-false
PA11.Mode=Device_Only
RCC.RTCFreq_Value=32000
PB0.GPIO_Label=BKLT_EN
USART1.IPParameters=VirtualMode
PA2.GPIOParameters=GPIO_Label,GPIO_ModeDefaultOutputPP
PinOutPanel.RotationAngle=-90
ProjectManager.StackSize=0x400
Mcu.IP4=SPI1
Mcu.IP5=SYS
I2C1.IPParameters=I2C_Mode,ClockSpeed
Mcu.IP2=NVIC
NVIC.SVCall_IRQn=true\:0\:0\:false\:false\:true\:false\:false
Mcu.IP3=RCC
Mcu.IP0=I2C1
PA12.Locked=true
Mcu.IP1=I2C2
PA12.Signal=USB_OTG_FS_DP
Mcu.UserConstants=
PH0\ -\ OSC_IN.Signal=RCC_OSC_IN
I2C1.ClockSpeed=100000
PB0.PinState=GPIO_PIN_RESET
Mcu.ThirdPartyNb=0
SPI1.Direction=SPI_DIRECTION_2LINES
Mcu.IPNb=9
RCC.I2SClocksFreq_Value=192000000
ProjectManager.PreviousToolchain=STM32CubeIDE
PB6.Signal=I2C1_SCL
RCC.VcooutputI2S=192000000
PB6.Mode=I2C
SPI1.CalculateBaudRate=8.0 MBits/s
PA8.GPIOParameters=GPIO_Label
Mcu.Pin6=PA4
Mcu.Pin7=PA5
Mcu.Pin8=PA6
Mcu.Pin9=PA7
RCC.AHBFreq_Value=16000000
Mcu.Pin0=PH0 - OSC_IN
Mcu.Pin1=PH1 - OSC_OUT
GPIO.groupedBy=Group By Peripherals
Mcu.Pin2=PA0-WKUP
Mcu.Pin3=PA1
PA0-WKUP.GPIOParameters=GPIO_Label
Mcu.Pin4=PA2
Mcu.Pin5=PA3
ProjectManager.ProjectBuild=false
RCC.HSE_VALUE=12000000
NVIC.UsageFault_IRQn=true\:0\:0\:false\:false\:true\:false\:false
NVIC.DebugMonitor_IRQn=true\:0\:0\:false\:false\:true\:false\:false
PB2.Signal=GPIO_Output
PB3.Mode=I2C
PA8.Locked=true
PA4.Locked=true
NVIC.SysTick_IRQn=true\:0\:0\:false\:false\:true\:false\:true
PB12.GPIO_Label=AK_DRDY
ProjectManager.FirmwarePackage=STM32Cube FW_F4 V1.26.1
MxDb.Version=DB.6.0.21
PB0.GPIOParameters=PinState,GPIO_Label,GPIO_ModeDefaultOutputPP
PA1.GPIOParameters=GPIO_Label
USB_DEVICE.USBD_SELF_POWERED=0
ProjectManager.BackupPrevious=true
RCC.VCOInputFreq_Value=2000000
PA14.Mode=Serial_Wire
PB1.GPIO_Label=BKLT_FEEDBACK
File.Version=6
PB8.PinState=GPIO_PIN_RESET
PB7.Signal=I2C1_SDA
PB8.Locked=true
PA8.Signal=GPIO_Output
NVIC.PendSV_IRQn=true\:0\:0\:false\:false\:true\:false\:false
ProjectManager.HalAssertFull=false
PB0.Locked=true
ProjectManager.ProjectName=GoggleFirm
Mcu.Package=UFQFPN48
PB9.Signal=GPIO_Input
PB1.Signal=GPIO_Input
PA6.Signal=SPI1_MISO
PA2.GPIO_ModeDefaultOutputPP=GPIO_MODE_OUTPUT_PP
NVIC.OTG_FS_IRQn=true\:0\:0\:false\:false\:true\:false\:true
ProjectManager.ToolChainLocation=
PA2.GPIO_Label=ICM_FSYNC
RCC.LSI_VALUE=32000
VP_SYS_VS_Systick.Signal=SYS_VS_Systick
PA10.Signal=USART1_RX
USB_OTG_FS.VirtualMode=Device_Only
PB8.GPIO_ModeDefaultOutputPP=GPIO_MODE_OUTPUT_PP
PB14.GPIOParameters=GPIO_Speed,PinState,GPIO_Label,GPIO_ModeDefaultOutputPP
NVIC.BusFault_IRQn=true\:0\:0\:false\:false\:true\:false\:false
PB0.GPIO_ModeDefaultOutputPP=GPIO_MODE_OUTPUT_PP
USB_DEVICE.USBD_CUSTOMHID_OUTREPORT_BUF_SIZE=28
USB_OTG_FS.IPParameters=VirtualMode
PB2.GPIO_ModeDefaultOutputPP=GPIO_MODE_OUTPUT_PP
PA4.GPIO_Label=SPI1_CS
ProjectManager.CustomerFirmwarePackage=
PA3.Signal=GPIO_Input
PA5.Mode=Full_Duplex_Master
PA2.Locked=true
VP_USB_DEVICE_VS_USB_DEVICE_CUSTOM_HID_FS.Signal=USB_DEVICE_VS_USB_DEVICE_CUSTOM_HID_FS
ProjectManager.ProjectFileName=GoggleFirm.ioc
PB8.GPIOParameters=PinState,GPIO_Label,GPIO_ModeDefaultOutputPP
PA7.Mode=Full_Duplex_Master
Mcu.PinsNb=31
PA10.Mode=Asynchronous
USB_DEVICE.USBD_CUSTOM_HID_REPORT_DESC_SIZE=34
ProjectManager.NoMain=false
SPI1.IPParameters=VirtualType,Mode,Direction,CalculateBaudRate
USB_DEVICE.VirtualModeFS=Custom_Hid_FS
PH1\ -\ OSC_OUT.Mode=HSE-External-Oscillator
ProjectManager.DefaultFWLocation=true
PB12.Locked=true
ProjectManager.DeletePrevious=true
PB14.Locked=true
USB_DEVICE.IPParameters=VirtualMode,VirtualModeFS,CLASS_NAME_FS,USBD_CUSTOM_HID_REPORT_DESC_SIZE,USBD_CUSTOMHID_OUTREPORT_BUF_SIZE,USBD_SELF_POWERED
PA0-WKUP.GPIO_Label=ICM_INT
PA0-WKUP.Signal=GPIO_Input
PA0-WKUP.Locked=true
PA13.Signal=SYS_JTMS-SWDIO
PB8.GPIO_Label=TC_RESETN
PA11.Locked=true
PA9.Mode=Asynchronous
PH0\ -\ OSC_IN.Mode=HSE-External-Oscillator
PA8.GPIO_Label=LCD_5.5V_EN
PB14.PinState=GPIO_PIN_SET
PA4.PinState=GPIO_PIN_SET
ProjectManager.TargetToolchain=STM32CubeIDE
PB14.GPIO_Speed=GPIO_SPEED_FREQ_LOW
I2C1.I2C_Mode=I2C_Standard
PB2.GPIOParameters=GPIO_Label,GPIO_ModeDefaultOutputPP
PA9.Signal=USART1_TX
PB5.Locked=true
PB9.Locked=true
ProjectManager.RegisterCallBack=
RCC.LSE_VALUE=32768
PB14.GPIO_ModeDefaultOutputPP=GPIO_MODE_OUTPUT_PP
PA1.Signal=GPIO_Input
PB1.Locked=true
PB10.Signal=I2C2_SCL
RCC.VCOI2SOutputFreq_Value=384000000
PB14.Signal=GPIO_Output
PA5.Signal=SPI1_SCK
PH1\ -\ OSC_OUT.Signal=RCC_OSC_OUT
board=custom
RCC.VCOOutputFreq_Value=144000000
ProjectManager.LastFirmware=false
RCC.APB2Freq_Value=16000000
MxCube.Version=6.2.1
SPI1.Mode=SPI_MODE_MASTER
Mcu.Pin30=VP_USB_DEVICE_VS_USB_DEVICE_CUSTOM_HID_FS
PA1.GPIO_Label=ICM_RESV
VP_SYS_VS_Systick.Mode=SysTick
NVIC.NonMaskableInt_IRQn=true\:0\:0\:false\:false\:true\:false\:false
PA4.GPIOParameters=PinState,GPIO_Label
PA13.Mode=Serial_Wire
ProjectManager.FreePins=false
RCC.IPParameters=48MHZClocksFreq_Value,AHBFreq_Value,APB1Freq_Value,APB2Freq_Value,CortexFreq_Value,HSE_VALUE,HSI_VALUE,I2SClocksFreq_Value,LSE_VALUE,LSI_VALUE,PLLCLKFreq_Value,PLLM,PLLN,PLLQ,PLLQCLKFreq_Value,RTCFreq_Value,RTCHSEDivFreq_Value,SYSCLKFreq_VALUE,VCOI2SOutputFreq_Value,VCOInputFreq_Value,VCOOutputFreq_Value,VcooutputI2S
ProjectManager.AskForMigrate=true
Mcu.Name=STM32F401C(B-C)Ux
Mcu.Pin26=PB7
Mcu.Pin27=PB8
RCC.RTCHSEDivFreq_Value=6000000
PA2.Signal=GPIO_Output
Mcu.Pin24=PB5
ProjectManager.UnderRoot=true
Mcu.Pin25=PB6
PB2.Locked=true
Mcu.IP8=USB_OTG_FS
Mcu.Pin28=PB9
Mcu.IP6=USART1
Mcu.Pin29=VP_SYS_VS_Systick
Mcu.IP7=USB_DEVICE
ProjectManager.CoupleFile=true
RCC.48MHZClocksFreq_Value=48000000
PB3.Signal=I2C2_SDA
PA4.Signal=GPIO_Output
RCC.SYSCLKFreq_VALUE=16000000
PB5.Signal=GPIO_Input
Mcu.Pin22=PA14
Mcu.Pin23=PB3
PA1.Locked=true
Mcu.Pin20=PA12
PA3.Locked=true
Mcu.Pin21=PA13
PA12.Mode=Device_Only
NVIC.ForceEnableDMAVector=true
KeepUserPlacement=false
NVIC.MemoryManagement_IRQn=true\:0\:0\:false\:false\:true\:false\:false
USART1.VirtualMode=VM_ASYNC
ProjectManager.CompilerOptimize=6
PB7.Mode=I2C
PA11.Signal=USB_OTG_FS_DM
PA14.Signal=SYS_JTCK-SWCLK
PB2.GPIO_Label=AK_RSTN
ProjectManager.HeapSize=0x200
Mcu.Pin15=PB14
NVIC.HardFault_IRQn=true\:0\:0\:false\:false\:true\:false\:false
Mcu.Pin16=PA8
Mcu.Pin13=PB10
Mcu.Pin14=PB12
Mcu.Pin19=PA11
ProjectManager.ComputerToolchain=false
Mcu.Pin17=PA9
RCC.HSI_VALUE=16000000
Mcu.Pin18=PA10
RCC.PLLQ=3
NVIC.PriorityGroup=NVIC_PRIORITYGROUP_4
Mcu.Pin11=PB1
Mcu.Pin12=PB2
RCC.PLLM=6
RCC.PLLN=72
Mcu.Pin10=PB0
PB8.Signal=GPIO_Output
RCC.APB1Freq_Value=16000000
PB0.Signal=GPIO_Output
USB_DEVICE.VirtualMode=CustomHid
ProjectManager.DeviceId=STM32F401CCUx
PB12.GPIOParameters=GPIO_Label
PB12.Signal=GPIO_Input
ProjectManager.LibraryCopy=1
PB1.GPIOParameters=GPIO_Label
PA7.Signal=SPI1_MOSI
isbadioc=false
